// !$*UTF8*$!
{
	archiveVersion = 1;
	classes = {
	};
	objectVersion = 63;
	objects = {

/* Begin PBXBuildFile section */
		0B4ABFB3DA5F4122AEDBCC54 /* pawWatch Watch App.app in Embed Watch Content */ = {isa = PBXBuildFile; fileRef = 950A0AD89D5233A618F6D2BF /* pawWatch Watch App.app */; settings = {ATTRIBUTES = (RemoveHeadersOnCopy, ); }; };
		WATCHAPP001ContentView00 /* ContentView.swift in Sources */ = {isa = PBXBuildFile; fileRef = 31CF20CA899DE2D203ABA5E0 /* ContentView.swift */; };
		WATCHAPP002WatchLocProv /* WatchLocationProvider.swift in Sources */ = {isa = PBXBuildFile; fileRef = 65B60F212EBD77CE00499A74 /* WatchLocationProvider.swift */; };
		WATCHAPP003pawWatchApp /* pawWatchApp.swift in Sources */ = {isa = PBXBuildFile; fileRef = 332C74C6C210BDC7E42FAB0B /* pawWatchApp.swift */; };
		WATCHAPP004ExtDelegate /* ExtensionDelegate.swift in Sources */ = {isa = PBXBuildFile; fileRef = E05B7BA527D5E57F00B2769C /* ExtensionDelegate.swift */; };
		0E3589B340742665FCB48483 /* pawWatchApp.swift in Sources */ = {isa = PBXBuildFile; fileRef = C17C02071845B52C99D8AFAF /* pawWatchApp.swift */; };
		65B60F222EBD77CE00499A74 /* WatchLocationProvider.swift in Sources */ = {isa = PBXBuildFile; fileRef = 65B60F212EBD77CE00499A74 /* WatchLocationProvider.swift */; };
		65B60F242EBD785F00499A74 /* LocationFix.swift in Sources */ = {isa = PBXBuildFile; fileRef = 65B60F232EBD785F00499A74 /* LocationFix.swift */; };
		65B60F262EBD7A0F00499A74 /* WatchLocationFix.swift in Sources */ = {isa = PBXBuildFile; fileRef = 65B60F252EBD7A0F00499A74 /* WatchLocationFix.swift */; };
		6A4889B958D5A146E4F8E308 /* pawWatchApp.swift in Sources */ = {isa = PBXBuildFile; fileRef = 332C74C6C210BDC7E42FAB0B /* pawWatchApp.swift */; };
		6F425FF4E0BD3D78DF26C474 /* Assets.xcassets in Resources */ = {isa = PBXBuildFile; fileRef = 33AC2CD8AB3941DC48825948 /* Assets.xcassets */; };
		BFE171C459CD5760E7997CEE /* ContentView.swift in Sources */ = {isa = PBXBuildFile; fileRef = 31CF20CA899DE2D203ABA5E0 /* ContentView.swift */; };
		CE68223DCCF237599C6ABF9C /* pawWatchFeature in Frameworks */ = {isa = PBXBuildFile; productRef = CC2F6242165D6F162A627F2C /* pawWatchFeature */; };
		E575984C7A181CFECE73E9C1 /* pawWatchFeature in Frameworks */ = {isa = PBXBuildFile; productRef = D1DEC52533FBF1BEBDC06C9C /* pawWatchFeature */; };
		EBD92BF7E3C90D2ED912EE97 /* Assets.xcassets in Resources */ = {isa = PBXBuildFile; fileRef = 6AAB458652C595976E7FA680 /* Assets.xcassets */; };
		36633939613762382D636636 /* pawWatch Watch App.app in Embed Watch Content */ = {isa = PBXBuildFile; fileRef = 950A0AD89D5233A618F6D2BF /* pawWatch Watch App.app */; settings = {ATTRIBUTES = (RemoveHeadersOnCopy, ); }; };
/* End PBXBuildFile section */

/* Begin PBXContainerItemProxy section */
		32616163643165382D653764PROXY /* PBXContainerItemProxy */ = {
			isa = PBXContainerItemProxy;
			containerPortal = 5B295C316277830C19C95E54 /* Project object */;
			proxyType = 1;
			remoteGlobalIDString = 73B1D24D6D37160012C57894;
			remoteInfo = "pawWatch Watch App";
		};

		976E22D2DF164C119C0E9AE2 /* PBXContainerItemProxy */ = {
			isa = PBXContainerItemProxy;
			containerPortal = 5B295C316277830C19C95E54 /* Project object */;
			proxyType = 1;
			remoteGlobalIDString = 73B1D24D6D37160012C57894;
			remoteInfo = "pawWatch Watch App";
		};
/* End PBXContainerItemProxy section */

/* Begin PBXCopyFilesBuildPhase section */
		62393438646532612D363163 /* Embed Watch Content */ = {
			isa = PBXCopyFilesBuildPhase;
			buildActionMask = 2147483647;
			dstPath = "$(CONTENTS_FOLDER_PATH)/Watch";
			dstSubfolderSpec = 16;
			files = (
				36633939613762382D636636 /* pawWatch Watch App.app in Embed Watch Content */,
			);
			name = "Embed Watch Content";
			runOnlyForDeploymentPostprocessing = 0;
		};

		F50FDDF848F24D63BA5EB8EA /* Embed Watch Content */ = {
			isa = PBXCopyFilesBuildPhase;
			buildActionMask = 2147483647;
			dstPath = "$(CONTENTS_FOLDER_PATH)/Watch";
			dstSubfolderSpec = 16;
			files = (
				0B4ABFB3DA5F4122AEDBCC54 /* pawWatch Watch App.app in Embed Watch Content */,
			);
			name = "Embed Watch Content";
			runOnlyForDeploymentPostprocessing = 0;
		};
/* End PBXCopyFilesBuildPhase section */

/* Begin PBXFileReference section */
		24A9551A73A98AE2FB4AA8C3 /* pawWatch.xctestplan */ = {isa = PBXFileReference; lastKnownFileType = text; path = pawWatch.xctestplan; sourceTree = "<group>"; };
		31CF20CA899DE2D203ABA5E0 /* ContentView.swift */ = {isa = PBXFileReference; lastKnownFileType = sourcecode.swift; path = ContentView.swift; sourceTree = "<group>"; };
		332C74C6C210BDC7E42FAB0B /* pawWatchApp.swift */ = {isa = PBXFileReference; lastKnownFileType = sourcecode.swift; path = pawWatchApp.swift; sourceTree = "<group>"; };
		33AC2CD8AB3941DC48825948 /* Assets.xcassets */ = {isa = PBXFileReference; lastKnownFileType = folder.assetcatalog; path = Assets.xcassets; sourceTree = "<group>"; };
		594D3B7268AF24EF28D0EA80 /* Info.plist */ = {isa = PBXFileReference; lastKnownFileType = text.plist; path = Info.plist; sourceTree = "<group>"; };
		65B60F212EBD77CE00499A74 /* WatchLocationProvider.swift */ = {isa = PBXFileReference; lastKnownFileType = sourcecode.swift; path = WatchLocationProvider.swift; sourceTree = "<group>"; };6AAB458652C595976E7FA680 /* Assets.xcassets */ = {isa = PBXFileReference; lastKnownFileType = folder.assetcatalog; path = Assets.xcassets; sourceTree = "<group>"; };
		950A0AD89D5233A618F6D2BF /* pawWatch Watch App.app */ = {isa = PBXFileReference; explicitFileType = wrapper.application; includeInIndex = 0; path = "pawWatch Watch App.app"; sourceTree = BUILT_PRODUCTS_DIR; };
		A516D3F21A55137C5D54F3DF /* pawWatchPackage */ = {isa = PBXFileReference; lastKnownFileType = folder; path = pawWatchPackage; sourceTree = SOURCE_ROOT; };
		C17C02071845B52C99D8AFAF /* pawWatchApp.swift */ = {isa = PBXFileReference; lastKnownFileType = sourcecode.swift; path = pawWatchApp.swift; sourceTree = "<group>"; };
		D8DF9D5B77E59B7AD1D4407E /* pawWatch.app */ = {isa = PBXFileReference; includeInIndex = 0; lastKnownFileType = wrapper.application; path = pawWatch.app; sourceTree = BUILT_PRODUCTS_DIR; };
		E05B7BA527D5E57F00B2769C /* ExtensionDelegate.swift */ = {isa = PBXFileReference; lastKnownFileType = sourcecode.swift; path = ExtensionDelegate.swift; sourceTree = "<group>"; };
/* End PBXFileReference section */

/* Begin PBXFrameworksBuildPhase section */
		5F1A1540E815DEDD9F610AD1 /* Frameworks */ = {
			isa = PBXFrameworksBuildPhase;
			buildActionMask = 2147483647;
			files = (
				E575984C7A181CFECE73E9C1 /* pawWatchFeature in Frameworks */,
			);
			runOnlyForDeploymentPostprocessing = 0;
		};
		81051F5D748EDF4D1C0F5945 /* Frameworks */ = {
			isa = PBXFrameworksBuildPhase;
			buildActionMask = 2147483647;
			files = (
				CE68223DCCF237599C6ABF9C /* pawWatchFeature in Frameworks */,
			);
			runOnlyForDeploymentPostprocessing = 0;
		};
/* End PBXFrameworksBuildPhase section */

/* Begin PBXGroup section */
		16DCA9FDD5EEA668C9A2283B /* Packages */ = {
			isa = PBXGroup;
			children = (
				A516D3F21A55137C5D54F3DF /* pawWatchPackage */,
			);
			name = Packages;
			sourceTree = "<group>";
		};
		22AF874BEB830E0592595306 /* pawWatch Watch App */ = {
			isa = PBXGroup;
			children = (
				33AC2CD8AB3941DC48825948 /* Assets.xcassets */,
				31CF20CA899DE2D203ABA5E0 /* ContentView.swift */,
				332C74C6C210BDC7E42FAB0B /* pawWatchApp.swift */,
				65B60F212EBD77CE00499A74 /* WatchLocationProvider.swift */,
				E05B7BA527D5E57F00B2769C /* ExtensionDelegate.swift */,
				594D3B7268AF24EF28D0EA80 /* Info.plist */,
			);
			path = "pawWatch Watch App";
			sourceTree = "<group>";
		};
		75B3FE4A8DA07E67838C107C /* pawWatch */ = {
			isa = PBXGroup;
			children = (
				6AAB458652C595976E7FA680 /* Assets.xcassets */,
				24A9551A73A98AE2FB4AA8C3 /* pawWatch.xctestplan */,
				C17C02071845B52C99D8AFAF /* pawWatchApp.swift */,
			);
			path = pawWatch;
			sourceTree = "<group>";
		};
		B7696481AC996D78CBB7804A = {
			isa = PBXGroup;
			children = (
				16DCA9FDD5EEA668C9A2283B /* Packages */,
				75B3FE4A8DA07E67838C107C /* pawWatch */,
				22AF874BEB830E0592595306 /* pawWatch Watch App */,
				E6532C0AB8A77F10F8C60061 /* Products */,
			);
			sourceTree = "<group>";
		};
		E6532C0AB8A77F10F8C60061 /* Products */ = {
			isa = PBXGroup;
			children = (
				950A0AD89D5233A618F6D2BF /* pawWatch Watch App.app */,
				D8DF9D5B77E59B7AD1D4407E /* pawWatch.app */,
			);
			name = Products;
			sourceTree = "<group>";
		};
/* End PBXGroup section */

/* Begin PBXNativeTarget section */
		73B1D24D6D37160012C57894 /* pawWatch Watch App */ = {
			isa = PBXNativeTarget;
			buildConfigurationList = E8A856CF80F27C995A6EF70B /* Build configuration list for PBXNativeTarget "pawWatch Watch App" */;
			buildPhases = (
				9B93ED7C11A21FD20C5C6EBA /* Sources */,
				5776554AAD689C458A5C3A8C /* Resources */,
				5F1A1540E815DEDD9F610AD1 /* Frameworks */,
			);
			buildRules = (
			);
			dependencies = (
			);
			name = "pawWatch Watch App";
			packageProductDependencies = (
			D1DEC52533FBF1BEBDC06C9C /* pawWatchFeature */,
			);
			productName = "pawWatch Watch App";
			productReference = 950A0AD89D5233A618F6D2BF /* pawWatch Watch App.app */;
			productType = "com.apple.product-type.application";
		};
		F114C28D00A22C7F66E1F7E8 /* pawWatch */ = {
			isa = PBXNativeTarget;
			buildConfigurationList = FA2E77C34DEF63E27435554B /* Build configuration list for PBXNativeTarget "pawWatch" */;
			buildPhases = (
				2C7C1392F402153C30440725 /* Sources */,
				A1DF51BD767A5A4EFAE51D46 /* Resources */,
				81051F5D748EDF4D1C0F5945 /* Frameworks */,
				62393438646532612D363163 /* Embed Watch Content */,
			);
			buildRules = (
			);
			dependencies = (
			
				32616163643165382D653764 /* PBXTargetDependency */,);
			name = pawWatch;
			packageProductDependencies = (
				CC2F6242165D6F162A627F2C /* pawWatchFeature */,
			);
			productName = pawWatch;
			productReference = D8DF9D5B77E59B7AD1D4407E /* pawWatch.app */;
			productType = "com.apple.product-type.application";
		};
/* End PBXNativeTarget section */

/* Begin PBXProject section */
		5B295C316277830C19C95E54 /* Project object */ = {
			isa = PBXProject;
			attributes = {
				BuildIndependentTargetsInParallel = YES;
				LastUpgradeCheck = 1630;
			};
			buildConfigurationList = 532430E6AEA7CFF5A795E48E /* Build configuration list for PBXProject "pawWatch" */;
			compatibilityVersion = "Xcode 14.0";
			developmentRegion = en;
			hasScannedForEncodings = 0;
			knownRegions = (
				Base,
				en,
			);
			mainGroup = B7696481AC996D78CBB7804A;
			minimizedProjectReferenceProxies = 1;
			packageReferences = (
				75FCD03AE4A9E679D60BBE1C /* XCLocalSwiftPackageReference "pawWatchPackage" */,
			);
			projectDirPath = "";
			projectRoot = "";
			targets = (
				F114C28D00A22C7F66E1F7E8 /* pawWatch */,
				73B1D24D6D37160012C57894 /* pawWatch Watch App */,
			);
		};
/* End PBXProject section */

/* Begin PBXResourcesBuildPhase section */
		5776554AAD689C458A5C3A8C /* Resources */ = {
			isa = PBXResourcesBuildPhase;
			buildActionMask = 2147483647;
			files = (
				6F425FF4E0BD3D78DF26C474 /* Assets.xcassets in Resources */,
			);
			runOnlyForDeploymentPostprocessing = 0;
		};
		A1DF51BD767A5A4EFAE51D46 /* Resources */ = {
			isa = PBXResourcesBuildPhase;
			buildActionMask = 2147483647;
			files = (
				EBD92BF7E3C90D2ED912EE97 /* Assets.xcassets in Resources */,
			);
			runOnlyForDeploymentPostprocessing = 0;
		};
/* End PBXResourcesBuildPhase section */

/* Begin PBXSourcesBuildPhase section */
		2C7C1392F402153C30440725 /* Sources */ = {
			isa = PBXSourcesBuildPhase;
			buildActionMask = 2147483647;
			files = (
				0E3589B340742665FCB48483 /* pawWatchApp.swift in Sources */,
			);
			runOnlyForDeploymentPostprocessing = 0;
		};
		9B93ED7C11A21FD20C5C6EBA /* Sources */ = {
			isa = PBXSourcesBuildPhase;
			buildActionMask = 2147483647;
			files = (
				WATCHAPP001ContentView00 /* ContentView.swift in Sources */,
				WATCHAPP002WatchLocProv /* WatchLocationProvider.swift in Sources */,
				WATCHAPP003pawWatchApp /* pawWatchApp.swift in Sources */,
				WATCHAPP004ExtDelegate /* ExtensionDelegate.swift in Sources */,
			);
			runOnlyForDeploymentPostprocessing = 0;
		};
/* End PBXSourcesBuildPhase section */

/* Begin PBXTargetDependency section */
		32616163643165382D653764 /* PBXTargetDependency */ = {
			isa = PBXTargetDependency;
			target = 73B1D24D6D37160012C57894 /* pawWatch Watch App */;
			targetProxy = 32616163643165382D653764PROXY /* PBXContainerItemProxy */;
		};
/* End PBXTargetDependency section */

/* Begin XCBuildConfiguration section */
		07B5D789754C15B19A722C6B /* Release */ = {
			isa = XCBuildConfiguration;
			buildSettings = {
				ASSETCATALOG_COMPILER_APPICON_NAME = AppIcon;
				CODE_SIGN_IDENTITY = "iPhone Developer";
				CODE_SIGN_STYLE = Automatic;
				DEVELOPMENT_TEAM = 78725QX6PZ;
				INFOPLIST_FILE = pawWatch/Info.plist;
				INFOPLIST_KEY_UIApplicationSceneManifest_Generation = YES;
				INFOPLIST_KEY_UIApplicationSupportsIndirectInputEvents = YES;
				IPHONEOS_DEPLOYMENT_TARGET = 18.4;
				LD_RUNPATH_SEARCH_PATHS = (
					"$(inherited)",
					"@executable_path/Frameworks",
				);
				PRODUCT_BUNDLE_IDENTIFIER = com.stonezone.pawWatch;
				SDKROOT = iphoneos;
				TARGETED_DEVICE_FAMILY = "1,2";
			};
			name = Release;
		};
		3B3E3C5BAAE4E231336C23D5 /* Debug */ = {
			isa = XCBuildConfiguration;
			buildSettings = {
				ASSETCATALOG_COMPILER_APPICON_NAME = AppIcon;
				CODE_SIGN_IDENTITY = "iPhone Developer";
				CODE_SIGN_STYLE = Automatic;
				DEVELOPMENT_TEAM = 78725QX6PZ;
				INFOPLIST_FILE = pawWatch/Info.plist;
				INFOPLIST_KEY_UIApplicationSceneManifest_Generation = YES;
				INFOPLIST_KEY_UIApplicationSupportsIndirectInputEvents = YES;
				IPHONEOS_DEPLOYMENT_TARGET = 18.4;
				LD_RUNPATH_SEARCH_PATHS = (
					"$(inherited)",
					"@executable_path/Frameworks",
				);
				PRODUCT_BUNDLE_IDENTIFIER = com.stonezone.pawWatch;
				SDKROOT = iphoneos;
				TARGETED_DEVICE_FAMILY = "1,2";
			};
			name = Debug;
		};
		7E0C29F20D3BF43B174A8993 /* Debug */ = {
			isa = XCBuildConfiguration;
			buildSettings = {
				ALWAYS_SEARCH_USER_PATHS = NO;
				CLANG_ANALYZER_NONNULL = YES;
				CLANG_ANALYZER_NUMBER_OBJECT_CONVERSION = YES_AGGRESSIVE;
				CLANG_CXX_LANGUAGE_STANDARD = "gnu++14";
				CLANG_CXX_LIBRARY = "libc++";
				CLANG_ENABLE_MODULES = YES;
				CLANG_ENABLE_OBJC_ARC = YES;
				CLANG_ENABLE_OBJC_WEAK = YES;
				CLANG_WARN_BLOCK_CAPTURE_AUTORELEASING = YES;
				CLANG_WARN_BOOL_CONVERSION = YES;
				CLANG_WARN_COMMA = YES;
				CLANG_WARN_CONSTANT_CONVERSION = YES;
				CLANG_WARN_DEPRECATED_OBJC_IMPLEMENTATIONS = YES;
				CLANG_WARN_DIRECT_OBJC_ISA_USAGE = YES_ERROR;
				CLANG_WARN_DOCUMENTATION_COMMENTS = YES;
				CLANG_WARN_EMPTY_BODY = YES;
				CLANG_WARN_ENUM_CONVERSION = YES;
				CLANG_WARN_INFINITE_RECURSION = YES;
				CLANG_WARN_INT_CONVERSION = YES;
				CLANG_WARN_NON_LITERAL_NULL_CONVERSION = YES;
				CLANG_WARN_OBJC_IMPLICIT_RETAIN_SELF = YES;
				CLANG_WARN_OBJC_LITERAL_CONVERSION = YES;
				CLANG_WARN_OBJC_ROOT_CLASS = YES_ERROR;
				CLANG_WARN_QUOTED_INCLUDE_IN_FRAMEWORK_HEADER = YES;
				CLANG_WARN_RANGE_LOOP_ANALYSIS = YES;
				CLANG_WARN_STRICT_PROTOTYPES = YES;
				CLANG_WARN_SUSPICIOUS_MOVE = YES;
				CLANG_WARN_UNGUARDED_AVAILABILITY = YES_AGGRESSIVE;
				CLANG_WARN_UNREACHABLE_CODE = YES;
				CLANG_WARN__DUPLICATE_METHOD_MATCH = YES;
				COPY_PHASE_STRIP = NO;
				CURRENT_PROJECT_VERSION = 1;
				DEBUG_INFORMATION_FORMAT = dwarf;
				ENABLE_STRICT_OBJC_MSGSEND = YES;
				ENABLE_TESTABILITY = YES;
				GCC_C_LANGUAGE_STANDARD = gnu11;
				GCC_DYNAMIC_NO_PIC = NO;
				GCC_NO_COMMON_BLOCKS = YES;
				GCC_OPTIMIZATION_LEVEL = 0;
				GCC_PREPROCESSOR_DEFINITIONS = (
					"$(inherited)",
					"DEBUG=1",
				);
				GCC_WARN_64_TO_32_BIT_CONVERSION = YES;
				GCC_WARN_ABOUT_RETURN_TYPE = YES_ERROR;
				GCC_WARN_UNDECLARED_SELECTOR = YES;
				GCC_WARN_UNINITIALIZED_AUTOS = YES_AGGRESSIVE;
				GCC_WARN_UNUSED_FUNCTION = YES;
				GCC_WARN_UNUSED_VARIABLE = YES;
				IPHONEOS_DEPLOYMENT_TARGET = 18.4;
				MARKETING_VERSION = 1.0;
				MTL_ENABLE_DEBUG_INFO = INCLUDE_SOURCE;
				MTL_FAST_MATH = YES;
				ONLY_ACTIVE_ARCH = YES;
				PRODUCT_NAME = "$(TARGET_NAME)";
				SWIFT_ACTIVE_COMPILATION_CONDITIONS = DEBUG;
				SWIFT_OPTIMIZATION_LEVEL = "-Onone";
				SWIFT_VERSION = 6.2;
				WATCHOS_DEPLOYMENT_TARGET = 11.0;
			};
			name = Debug;
		};
		B8BEB1F224612DF9916E12B1 /* Release */ = {
			isa = XCBuildConfiguration;
			buildSettings = {
				ALWAYS_SEARCH_USER_PATHS = NO;
				CLANG_ANALYZER_NONNULL = YES;
				CLANG_ANALYZER_NUMBER_OBJECT_CONVERSION = YES_AGGRESSIVE;
				CLANG_CXX_LANGUAGE_STANDARD = "gnu++14";
				CLANG_CXX_LIBRARY = "libc++";
				CLANG_ENABLE_MODULES = YES;
				CLANG_ENABLE_OBJC_ARC = YES;
				CLANG_ENABLE_OBJC_WEAK = YES;
				CLANG_WARN_BLOCK_CAPTURE_AUTORELEASING = YES;
				CLANG_WARN_BOOL_CONVERSION = YES;
				CLANG_WARN_COMMA = YES;
				CLANG_WARN_CONSTANT_CONVERSION = YES;
				CLANG_WARN_DEPRECATED_OBJC_IMPLEMENTATIONS = YES;
				CLANG_WARN_DIRECT_OBJC_ISA_USAGE = YES_ERROR;
				CLANG_WARN_DOCUMENTATION_COMMENTS = YES;
				CLANG_WARN_EMPTY_BODY = YES;
				CLANG_WARN_ENUM_CONVERSION = YES;
				CLANG_WARN_INFINITE_RECURSION = YES;
				CLANG_WARN_INT_CONVERSION = YES;
				CLANG_WARN_NON_LITERAL_NULL_CONVERSION = YES;
				CLANG_WARN_OBJC_IMPLICIT_RETAIN_SELF = YES;
				CLANG_WARN_OBJC_LITERAL_CONVERSION = YES;
				CLANG_WARN_OBJC_ROOT_CLASS = YES_ERROR;
				CLANG_WARN_QUOTED_INCLUDE_IN_FRAMEWORK_HEADER = YES;
				CLANG_WARN_RANGE_LOOP_ANALYSIS = YES;
				CLANG_WARN_STRICT_PROTOTYPES = YES;
				CLANG_WARN_SUSPICIOUS_MOVE = YES;
				CLANG_WARN_UNGUARDED_AVAILABILITY = YES_AGGRESSIVE;
				CLANG_WARN_UNREACHABLE_CODE = YES;
				CLANG_WARN__DUPLICATE_METHOD_MATCH = YES;
				COPY_PHASE_STRIP = NO;
				CURRENT_PROJECT_VERSION = 1;
				DEBUG_INFORMATION_FORMAT = "dwarf-with-dsym";
				ENABLE_NS_ASSERTIONS = NO;
				ENABLE_STRICT_OBJC_MSGSEND = YES;
				GCC_C_LANGUAGE_STANDARD = gnu11;
				GCC_NO_COMMON_BLOCKS = YES;
				GCC_WARN_64_TO_32_BIT_CONVERSION = YES;
				GCC_WARN_ABOUT_RETURN_TYPE = YES_ERROR;
				GCC_WARN_UNDECLARED_SELECTOR = YES;
				GCC_WARN_UNINITIALIZED_AUTOS = YES_AGGRESSIVE;
				GCC_WARN_UNUSED_FUNCTION = YES;
				GCC_WARN_UNUSED_VARIABLE = YES;
				IPHONEOS_DEPLOYMENT_TARGET = 18.4;
				MARKETING_VERSION = 1.0;
				MTL_ENABLE_DEBUG_INFO = NO;
				MTL_FAST_MATH = YES;
				PRODUCT_NAME = "$(TARGET_NAME)";
				SWIFT_COMPILATION_MODE = wholemodule;
				SWIFT_OPTIMIZATION_LEVEL = "-O";
				SWIFT_VERSION = 6.2;
				WATCHOS_DEPLOYMENT_TARGET = 11.0;
			};
			name = Release;
		};
		E09C2F5152435CDBC0CB9C43 /* Release */ = {
			isa = XCBuildConfiguration;
			buildSettings = {
				ASSETCATALOG_COMPILER_APPICON_NAME = AppIcon;
				ASSETCATALOG_COMPILER_GLOBAL_ACCENT_COLOR_NAME = AccentColor;
				CODE_SIGN_ENTITLEMENTS = Config/pawWatch_Watch_App.entitlements;
				CODE_SIGN_STYLE = Automatic;
				COPY_PHASE_STRIP = NO;
				DEVELOPMENT_TEAM = 78725QX6PZ;INFOPLIST_FILE = "pawWatch Watch App/Info.plist";
				ONLY_ACTIVE_ARCH = YES;
				PRODUCT_BUNDLE_IDENTIFIER = com.stonezone.pawWatch.watchkitapp;
				PRODUCT_NAME = "pawWatch Watch App";
				SDKROOT = watchos;
				SKIP_INSTALL = NO;
				SUPPORTS_MACCATALYST = NO;
				SWIFT_VERSION = 6.2;
				TARGETED_DEVICE_FAMILY = 4;
				WATCHOS_DEPLOYMENT_TARGET = 11.0;
			
				SUPPORTED_PLATFORMS = "watchos watchsimulator";};
			name = Release;
		};
		F83A02A02FA3E7298F9AE95A /* Debug */ = {
			isa = XCBuildConfiguration;
			buildSettings = {
				ASSETCATALOG_COMPILER_APPICON_NAME = AppIcon;
				ASSETCATALOG_COMPILER_GLOBAL_ACCENT_COLOR_NAME = AccentColor;
				CODE_SIGN_ENTITLEMENTS = Config/pawWatch_Watch_App.entitlements;
				CODE_SIGN_STYLE = Automatic;
				DEVELOPMENT_TEAM = 78725QX6PZ;INFOPLIST_FILE = "pawWatch Watch App/Info.plist";
				ONLY_ACTIVE_ARCH = YES;
				PRODUCT_BUNDLE_IDENTIFIER = com.stonezone.pawWatch.watchkitapp;
				PRODUCT_NAME = "pawWatch Watch App";
				SDKROOT = watchos;
				SKIP_INSTALL = NO;
				SUPPORTS_MACCATALYST = NO;
				SWIFT_VERSION = 6.2;
				TARGETED_DEVICE_FAMILY = 4;
				WATCHOS_DEPLOYMENT_TARGET = 11.0;
			
				SUPPORTED_PLATFORMS = "watchos watchsimulator";};
			name = Debug;
		};
/* End XCBuildConfiguration section */

/* Begin XCConfigurationList section */
		532430E6AEA7CFF5A795E48E /* Build configuration list for PBXProject "pawWatch" */ = {
			isa = XCConfigurationList;
			buildConfigurations = (
				7E0C29F20D3BF43B174A8993 /* Debug */,
				B8BEB1F224612DF9916E12B1 /* Release */,
			);
			defaultConfigurationIsVisible = 0;
			defaultConfigurationName = Debug;
		};
		E8A856CF80F27C995A6EF70B /* Build configuration list for PBXNativeTarget "pawWatch Watch App" */ = {
			isa = XCConfigurationList;
			buildConfigurations = (
				F83A02A02FA3E7298F9AE95A /* Debug */,
				E09C2F5152435CDBC0CB9C43 /* Release */,
			);
			defaultConfigurationIsVisible = 0;
			defaultConfigurationName = Debug;
		};
		FA2E77C34DEF63E27435554B /* Build configuration list for PBXNativeTarget "pawWatch" */ = {
			isa = XCConfigurationList;
			buildConfigurations = (
				3B3E3C5BAAE4E231336C23D5 /* Debug */,
				07B5D789754C15B19A722C6B /* Release */,
			);
			defaultConfigurationIsVisible = 0;
			defaultConfigurationName = Debug;
		};
/* End XCConfigurationList section */

/* Begin XCLocalSwiftPackageReference section */
		75FCD03AE4A9E679D60BBE1C /* XCLocalSwiftPackageReference "pawWatchPackage" */ = {
			isa = XCLocalSwiftPackageReference;
			relativePath = pawWatchPackage;
		};
/* End XCLocalSwiftPackageReference section */

/* Begin XCSwiftPackageProductDependency section */
		CC2F6242165D6F162A627F2C /* pawWatchFeature */ = {
			isa = XCSwiftPackageProductDependency;
			productName = pawWatchFeature;
		};
		D1DEC52533FBF1BEBDC06C9C /* pawWatchFeature */ = {
			isa = XCSwiftPackageProductDependency;
			productName = pawWatchFeature;
		};
/* End XCSwiftPackageProductDependency section */
	};
	rootObject = 5B295C316277830C19C95E54 /* Project object */;
}
